{
  "name": "mc dietitians",
  "lockfileVersion": 2,
  "requires": true,
  "packages": {
    "": {
      "dependencies": {
        "@builder.io/partytown": "^0.7.3"
      }
    },
    "node_modules/@builder.io/partytown": {
      "version": "0.7.3",
      "resolved": "https://registry.npmjs.org/@builder.io/partytown/-/partytown-0.7.3.tgz",
      "integrity": "sha512-hA6WYBFD/exyrEvs0JSvQIILfH0/Jlr5amqE3lt1nPehCus+eQm4ob3LBMRkSaFDWz9clHSLtsGwG52dUjGy3g==",
      "bin": {
        "partytown": "bin/partytown.cjs"
      }
    }
  },
  "dependencies": {
    "@builder.io/partytown": {
      "version": "0.7.3",
      "resolved": "https://registry.npmjs.org/@builder.io/partytown/-/partytown-0.7.3.tgz",
      "integrity": "sha512-hA6WYBFD/exyrEvs0JSvQIILfH0/Jlr5amqE3lt1nPehCus+eQm4ob3LBMRkSaFDWz9clHSLtsGwG52dUjGy3g=="
    }
  }
}
